{
  "name": "editor",
  "lockfileVersion": 2,
  "requires": true,
  "packages": {
    "": {
      "dependencies": {
        "@neyar/core": "file:../../core"
      }
    },
    "../../core": {
      "name": "@neyar/core",
      "version": "0.1.0",
      "license": "ISC",
      "dependencies": {
        "assert": "^2.0.0"
      },
      "devDependencies": {
        "@types/assert": "^1.5.6"
      }
    },
    "node_modules/@neyar/core": {
      "resolved": "../../core",
      "link": true
    }
  },
  "dependencies": {
    "@neyar/core": {
      "version": "file:../../core",
      "requires": {
        "@types/assert": "^1.5.6",
        "assert": "^2.0.0"
      }
    }
  }
}
